
Microsoft Visual Studio Solution File, Format Version 12.00
# Visual Studio 15
VisualStudioVersion = 15.0.28307.645
MinimumVisualStudioVersion = 10.0.40219.1
Project("{FAE04EC0-301F-11D3-BF4B-00C04F79EFBC}") = "ApiMusic", "ApiMusic\ApiMusic.csproj", "{0C902155-B99A-4785-B983-7CAB6AD9ED91}"
EndProject
Global
	GlobalSection(SolutionConfigurationPlatforms) = preSolution
		Debug|Any CPU = Debug|Any CPU
		Release|Any CPU = Release|Any CPU
	EndGlobalSection
	GlobalSection(ProjectConfigurationPlatforms) = postSolution
		{0C902155-B99A-4785-B983-7CAB6AD9ED91}.Debug|Any CPU.ActiveCfg = Debug|Any CPU
		{0C902155-B99A-4785-B983-7CAB6AD9ED91}.Debug|Any CPU.Build.0 = Debug|Any CPU
		{0C902155-B99A-4785-B983-7CAB6AD9ED91}.Release|Any CPU.ActiveCfg = Release|Any CPU
		{0C902155-B99A-4785-B983-7CAB6AD9ED91}.Release|Any CPU.Build.0 = Release|Any CPU
	EndGlobalSection
	GlobalSection(SolutionProperties) = preSolution
		HideSolutionNode = FALSE
	EndGlobalSection
	GlobalSection(ExtensibilityGlobals) = postSolution
		SolutionGuid = {6231BA2A-1216-4604-8D57-F9AD69881BAB}
	EndGlobalSection
EndGlobal
