
Microsoft Visual Studio Solution File, Format Version 12.00
# Visual Studio 15
VisualStudioVersion = 15.0.28307.645
MinimumVisualStudioVersion = 10.0.40219.1
Project("{9A19103F-16F7-4668-BE54-9A1E7A4F7556}") = "ApiMusic", "ApiMusic\ApiMusic.csproj", "{0C902155-B99A-4785-B983-7CAB6AD9ED91}"
EndProject
Project("{9A19103F-16F7-4668-BE54-9A1E7A4F7556}") = "Persistent", "Persistent\Persistent.csproj", "{A1C6C5BD-B34F-4B03-8C39-4161ABFB440E}"
EndProject
Project("{9A19103F-16F7-4668-BE54-9A1E7A4F7556}") = "Models", "Models\Models.csproj", "{813DBC8A-E05A-410D-9069-1E6F3EBF60A6}"
EndProject
Project("{9A19103F-16F7-4668-BE54-9A1E7A4F7556}") = "Services", "Services\Services.csproj", "{DAE9EA61-6AAE-40F4-8137-53897E7123C7}"
EndProject
Project("{9A19103F-16F7-4668-BE54-9A1E7A4F7556}") = "DTO", "DTO\DTO.csproj", "{F69FEC7C-947B-45BC-A550-421A9702F8CF}"
EndProject
Project("{FAE04EC0-301F-11D3-BF4B-00C04F79EFBC}") = "UnitTest", "UnitTestProject1\UnitTest.csproj", "{02782B9F-08F3-44D0-9754-EFBBA8DDB3C5}"
EndProject
Global
	GlobalSection(SolutionConfigurationPlatforms) = preSolution
		Debug|Any CPU = Debug|Any CPU
		Debug|ARM = Debug|ARM
		Debug|ARM64 = Debug|ARM64
		Debug|x64 = Debug|x64
		Debug|x86 = Debug|x86
		Release|Any CPU = Release|Any CPU
		Release|ARM = Release|ARM
		Release|ARM64 = Release|ARM64
		Release|x64 = Release|x64
		Release|x86 = Release|x86
	EndGlobalSection
	GlobalSection(ProjectConfigurationPlatforms) = postSolution
		{0C902155-B99A-4785-B983-7CAB6AD9ED91}.Debug|Any CPU.ActiveCfg = Debug|Any CPU
		{0C902155-B99A-4785-B983-7CAB6AD9ED91}.Debug|Any CPU.Build.0 = Debug|Any CPU
		{0C902155-B99A-4785-B983-7CAB6AD9ED91}.Debug|ARM.ActiveCfg = Debug|Any CPU
		{0C902155-B99A-4785-B983-7CAB6AD9ED91}.Debug|ARM.Build.0 = Debug|Any CPU
		{0C902155-B99A-4785-B983-7CAB6AD9ED91}.Debug|ARM64.ActiveCfg = Debug|Any CPU
		{0C902155-B99A-4785-B983-7CAB6AD9ED91}.Debug|ARM64.Build.0 = Debug|Any CPU
		{0C902155-B99A-4785-B983-7CAB6AD9ED91}.Debug|x64.ActiveCfg = Debug|Any CPU
		{0C902155-B99A-4785-B983-7CAB6AD9ED91}.Debug|x64.Build.0 = Debug|Any CPU
		{0C902155-B99A-4785-B983-7CAB6AD9ED91}.Debug|x86.ActiveCfg = Debug|Any CPU
		{0C902155-B99A-4785-B983-7CAB6AD9ED91}.Debug|x86.Build.0 = Debug|Any CPU
		{0C902155-B99A-4785-B983-7CAB6AD9ED91}.Release|Any CPU.ActiveCfg = Release|Any CPU
		{0C902155-B99A-4785-B983-7CAB6AD9ED91}.Release|Any CPU.Build.0 = Release|Any CPU
		{0C902155-B99A-4785-B983-7CAB6AD9ED91}.Release|ARM.ActiveCfg = Release|Any CPU
		{0C902155-B99A-4785-B983-7CAB6AD9ED91}.Release|ARM.Build.0 = Release|Any CPU
		{0C902155-B99A-4785-B983-7CAB6AD9ED91}.Release|ARM64.ActiveCfg = Release|Any CPU
		{0C902155-B99A-4785-B983-7CAB6AD9ED91}.Release|ARM64.Build.0 = Release|Any CPU
		{0C902155-B99A-4785-B983-7CAB6AD9ED91}.Release|x64.ActiveCfg = Release|Any CPU
		{0C902155-B99A-4785-B983-7CAB6AD9ED91}.Release|x64.Build.0 = Release|Any CPU
		{0C902155-B99A-4785-B983-7CAB6AD9ED91}.Release|x86.ActiveCfg = Release|Any CPU
		{0C902155-B99A-4785-B983-7CAB6AD9ED91}.Release|x86.Build.0 = Release|Any CPU
		{A1C6C5BD-B34F-4B03-8C39-4161ABFB440E}.Debug|Any CPU.ActiveCfg = Debug|Any CPU
		{A1C6C5BD-B34F-4B03-8C39-4161ABFB440E}.Debug|Any CPU.Build.0 = Debug|Any CPU
		{A1C6C5BD-B34F-4B03-8C39-4161ABFB440E}.Debug|ARM.ActiveCfg = Debug|Any CPU
		{A1C6C5BD-B34F-4B03-8C39-4161ABFB440E}.Debug|ARM.Build.0 = Debug|Any CPU
		{A1C6C5BD-B34F-4B03-8C39-4161ABFB440E}.Debug|ARM64.ActiveCfg = Debug|Any CPU
		{A1C6C5BD-B34F-4B03-8C39-4161ABFB440E}.Debug|ARM64.Build.0 = Debug|Any CPU
		{A1C6C5BD-B34F-4B03-8C39-4161ABFB440E}.Debug|x64.ActiveCfg = Debug|Any CPU
		{A1C6C5BD-B34F-4B03-8C39-4161ABFB440E}.Debug|x64.Build.0 = Debug|Any CPU
		{A1C6C5BD-B34F-4B03-8C39-4161ABFB440E}.Debug|x86.ActiveCfg = Debug|Any CPU
		{A1C6C5BD-B34F-4B03-8C39-4161ABFB440E}.Debug|x86.Build.0 = Debug|Any CPU
		{A1C6C5BD-B34F-4B03-8C39-4161ABFB440E}.Release|Any CPU.ActiveCfg = Release|Any CPU
		{A1C6C5BD-B34F-4B03-8C39-4161ABFB440E}.Release|Any CPU.Build.0 = Release|Any CPU
		{A1C6C5BD-B34F-4B03-8C39-4161ABFB440E}.Release|ARM.ActiveCfg = Release|Any CPU
		{A1C6C5BD-B34F-4B03-8C39-4161ABFB440E}.Release|ARM.Build.0 = Release|Any CPU
		{A1C6C5BD-B34F-4B03-8C39-4161ABFB440E}.Release|ARM64.ActiveCfg = Release|Any CPU
		{A1C6C5BD-B34F-4B03-8C39-4161ABFB440E}.Release|ARM64.Build.0 = Release|Any CPU
		{A1C6C5BD-B34F-4B03-8C39-4161ABFB440E}.Release|x64.ActiveCfg = Release|Any CPU
		{A1C6C5BD-B34F-4B03-8C39-4161ABFB440E}.Release|x64.Build.0 = Release|Any CPU
		{A1C6C5BD-B34F-4B03-8C39-4161ABFB440E}.Release|x86.ActiveCfg = Release|Any CPU
		{A1C6C5BD-B34F-4B03-8C39-4161ABFB440E}.Release|x86.Build.0 = Release|Any CPU
		{813DBC8A-E05A-410D-9069-1E6F3EBF60A6}.Debug|Any CPU.ActiveCfg = Debug|Any CPU
		{813DBC8A-E05A-410D-9069-1E6F3EBF60A6}.Debug|Any CPU.Build.0 = Debug|Any CPU
		{813DBC8A-E05A-410D-9069-1E6F3EBF60A6}.Debug|ARM.ActiveCfg = Debug|Any CPU
		{813DBC8A-E05A-410D-9069-1E6F3EBF60A6}.Debug|ARM.Build.0 = Debug|Any CPU
		{813DBC8A-E05A-410D-9069-1E6F3EBF60A6}.Debug|ARM64.ActiveCfg = Debug|Any CPU
		{813DBC8A-E05A-410D-9069-1E6F3EBF60A6}.Debug|ARM64.Build.0 = Debug|Any CPU
		{813DBC8A-E05A-410D-9069-1E6F3EBF60A6}.Debug|x64.ActiveCfg = Debug|Any CPU
		{813DBC8A-E05A-410D-9069-1E6F3EBF60A6}.Debug|x64.Build.0 = Debug|Any CPU
		{813DBC8A-E05A-410D-9069-1E6F3EBF60A6}.Debug|x86.ActiveCfg = Debug|Any CPU
		{813DBC8A-E05A-410D-9069-1E6F3EBF60A6}.Debug|x86.Build.0 = Debug|Any CPU
		{813DBC8A-E05A-410D-9069-1E6F3EBF60A6}.Release|Any CPU.ActiveCfg = Release|Any CPU
		{813DBC8A-E05A-410D-9069-1E6F3EBF60A6}.Release|Any CPU.Build.0 = Release|Any CPU
		{813DBC8A-E05A-410D-9069-1E6F3EBF60A6}.Release|ARM.ActiveCfg = Release|Any CPU
		{813DBC8A-E05A-410D-9069-1E6F3EBF60A6}.Release|ARM.Build.0 = Release|Any CPU
		{813DBC8A-E05A-410D-9069-1E6F3EBF60A6}.Release|ARM64.ActiveCfg = Release|Any CPU
		{813DBC8A-E05A-410D-9069-1E6F3EBF60A6}.Release|ARM64.Build.0 = Release|Any CPU
		{813DBC8A-E05A-410D-9069-1E6F3EBF60A6}.Release|x64.ActiveCfg = Release|Any CPU
		{813DBC8A-E05A-410D-9069-1E6F3EBF60A6}.Release|x64.Build.0 = Release|Any CPU
		{813DBC8A-E05A-410D-9069-1E6F3EBF60A6}.Release|x86.ActiveCfg = Release|Any CPU
		{813DBC8A-E05A-410D-9069-1E6F3EBF60A6}.Release|x86.Build.0 = Release|Any CPU
		{DAE9EA61-6AAE-40F4-8137-53897E7123C7}.Debug|Any CPU.ActiveCfg = Debug|Any CPU
		{DAE9EA61-6AAE-40F4-8137-53897E7123C7}.Debug|Any CPU.Build.0 = Debug|Any CPU
		{DAE9EA61-6AAE-40F4-8137-53897E7123C7}.Debug|ARM.ActiveCfg = Debug|Any CPU
		{DAE9EA61-6AAE-40F4-8137-53897E7123C7}.Debug|ARM.Build.0 = Debug|Any CPU
		{DAE9EA61-6AAE-40F4-8137-53897E7123C7}.Debug|ARM64.ActiveCfg = Debug|Any CPU
		{DAE9EA61-6AAE-40F4-8137-53897E7123C7}.Debug|ARM64.Build.0 = Debug|Any CPU
		{DAE9EA61-6AAE-40F4-8137-53897E7123C7}.Debug|x64.ActiveCfg = Debug|Any CPU
		{DAE9EA61-6AAE-40F4-8137-53897E7123C7}.Debug|x64.Build.0 = Debug|Any CPU
		{DAE9EA61-6AAE-40F4-8137-53897E7123C7}.Debug|x86.ActiveCfg = Debug|Any CPU
		{DAE9EA61-6AAE-40F4-8137-53897E7123C7}.Debug|x86.Build.0 = Debug|Any CPU
		{DAE9EA61-6AAE-40F4-8137-53897E7123C7}.Release|Any CPU.ActiveCfg = Release|Any CPU
		{DAE9EA61-6AAE-40F4-8137-53897E7123C7}.Release|Any CPU.Build.0 = Release|Any CPU
		{DAE9EA61-6AAE-40F4-8137-53897E7123C7}.Release|ARM.ActiveCfg = Release|Any CPU
		{DAE9EA61-6AAE-40F4-8137-53897E7123C7}.Release|ARM.Build.0 = Release|Any CPU
		{DAE9EA61-6AAE-40F4-8137-53897E7123C7}.Release|ARM64.ActiveCfg = Release|Any CPU
		{DAE9EA61-6AAE-40F4-8137-53897E7123C7}.Release|ARM64.Build.0 = Release|Any CPU
		{DAE9EA61-6AAE-40F4-8137-53897E7123C7}.Release|x64.ActiveCfg = Release|Any CPU
		{DAE9EA61-6AAE-40F4-8137-53897E7123C7}.Release|x64.Build.0 = Release|Any CPU
		{DAE9EA61-6AAE-40F4-8137-53897E7123C7}.Release|x86.ActiveCfg = Release|Any CPU
		{DAE9EA61-6AAE-40F4-8137-53897E7123C7}.Release|x86.Build.0 = Release|Any CPU
		{F69FEC7C-947B-45BC-A550-421A9702F8CF}.Debug|Any CPU.ActiveCfg = Debug|Any CPU
		{F69FEC7C-947B-45BC-A550-421A9702F8CF}.Debug|Any CPU.Build.0 = Debug|Any CPU
		{F69FEC7C-947B-45BC-A550-421A9702F8CF}.Debug|ARM.ActiveCfg = Debug|Any CPU
		{F69FEC7C-947B-45BC-A550-421A9702F8CF}.Debug|ARM.Build.0 = Debug|Any CPU
		{F69FEC7C-947B-45BC-A550-421A9702F8CF}.Debug|ARM64.ActiveCfg = Debug|Any CPU
		{F69FEC7C-947B-45BC-A550-421A9702F8CF}.Debug|ARM64.Build.0 = Debug|Any CPU
		{F69FEC7C-947B-45BC-A550-421A9702F8CF}.Debug|x64.ActiveCfg = Debug|Any CPU
		{F69FEC7C-947B-45BC-A550-421A9702F8CF}.Debug|x64.Build.0 = Debug|Any CPU
		{F69FEC7C-947B-45BC-A550-421A9702F8CF}.Debug|x86.ActiveCfg = Debug|Any CPU
		{F69FEC7C-947B-45BC-A550-421A9702F8CF}.Debug|x86.Build.0 = Debug|Any CPU
		{F69FEC7C-947B-45BC-A550-421A9702F8CF}.Release|Any CPU.ActiveCfg = Release|Any CPU
		{F69FEC7C-947B-45BC-A550-421A9702F8CF}.Release|Any CPU.Build.0 = Release|Any CPU
		{F69FEC7C-947B-45BC-A550-421A9702F8CF}.Release|ARM.ActiveCfg = Release|Any CPU
		{F69FEC7C-947B-45BC-A550-421A9702F8CF}.Release|ARM.Build.0 = Release|Any CPU
		{F69FEC7C-947B-45BC-A550-421A9702F8CF}.Release|ARM64.ActiveCfg = Release|Any CPU
		{F69FEC7C-947B-45BC-A550-421A9702F8CF}.Release|ARM64.Build.0 = Release|Any CPU
		{F69FEC7C-947B-45BC-A550-421A9702F8CF}.Release|x64.ActiveCfg = Release|Any CPU
		{F69FEC7C-947B-45BC-A550-421A9702F8CF}.Release|x64.Build.0 = Release|Any CPU
		{F69FEC7C-947B-45BC-A550-421A9702F8CF}.Release|x86.ActiveCfg = Release|Any CPU
		{F69FEC7C-947B-45BC-A550-421A9702F8CF}.Release|x86.Build.0 = Release|Any CPU
		{02782B9F-08F3-44D0-9754-EFBBA8DDB3C5}.Debug|Any CPU.ActiveCfg = Debug|Any CPU
		{02782B9F-08F3-44D0-9754-EFBBA8DDB3C5}.Debug|Any CPU.Build.0 = Debug|Any CPU
		{02782B9F-08F3-44D0-9754-EFBBA8DDB3C5}.Debug|ARM.ActiveCfg = Debug|Any CPU
		{02782B9F-08F3-44D0-9754-EFBBA8DDB3C5}.Debug|ARM.Build.0 = Debug|Any CPU
		{02782B9F-08F3-44D0-9754-EFBBA8DDB3C5}.Debug|ARM64.ActiveCfg = Debug|Any CPU
		{02782B9F-08F3-44D0-9754-EFBBA8DDB3C5}.Debug|ARM64.Build.0 = Debug|Any CPU
		{02782B9F-08F3-44D0-9754-EFBBA8DDB3C5}.Debug|x64.ActiveCfg = Debug|Any CPU
		{02782B9F-08F3-44D0-9754-EFBBA8DDB3C5}.Debug|x64.Build.0 = Debug|Any CPU
		{02782B9F-08F3-44D0-9754-EFBBA8DDB3C5}.Debug|x86.ActiveCfg = Debug|Any CPU
		{02782B9F-08F3-44D0-9754-EFBBA8DDB3C5}.Debug|x86.Build.0 = Debug|Any CPU
		{02782B9F-08F3-44D0-9754-EFBBA8DDB3C5}.Release|Any CPU.ActiveCfg = Release|Any CPU
		{02782B9F-08F3-44D0-9754-EFBBA8DDB3C5}.Release|Any CPU.Build.0 = Release|Any CPU
		{02782B9F-08F3-44D0-9754-EFBBA8DDB3C5}.Release|ARM.ActiveCfg = Release|Any CPU
		{02782B9F-08F3-44D0-9754-EFBBA8DDB3C5}.Release|ARM.Build.0 = Release|Any CPU
		{02782B9F-08F3-44D0-9754-EFBBA8DDB3C5}.Release|ARM64.ActiveCfg = Release|Any CPU
		{02782B9F-08F3-44D0-9754-EFBBA8DDB3C5}.Release|ARM64.Build.0 = Release|Any CPU
		{02782B9F-08F3-44D0-9754-EFBBA8DDB3C5}.Release|x64.ActiveCfg = Release|Any CPU
		{02782B9F-08F3-44D0-9754-EFBBA8DDB3C5}.Release|x64.Build.0 = Release|Any CPU
		{02782B9F-08F3-44D0-9754-EFBBA8DDB3C5}.Release|x86.ActiveCfg = Release|Any CPU
		{02782B9F-08F3-44D0-9754-EFBBA8DDB3C5}.Release|x86.Build.0 = Release|Any CPU
	EndGlobalSection
	GlobalSection(SolutionProperties) = preSolution
		HideSolutionNode = FALSE
	EndGlobalSection
	GlobalSection(ExtensibilityGlobals) = postSolution
		SolutionGuid = {6231BA2A-1216-4604-8D57-F9AD69881BAB}
	EndGlobalSection
EndGlobal
